
Microsoft Visual Studio Solution File, Format Version 12.00
# Visual Studio Version 17
VisualStudioVersion = 17.0.31912.275
MinimumVisualStudioVersion = 10.0.40219.1
Project("{FAE04EC0-301F-11D3-BF4B-00C04F79EFBC}") = "Gstc.Nunit.IssueDemo", "Gstc.Nunit.IssueDemo\Gstc.Nunit.IssueDemo.csproj", "{166995A3-5E8E-4CDF-8B58-A089FEBBC199}"
EndProject
Global
	GlobalSection(SolutionConfigurationPlatforms) = preSolution
		Debug|Any CPU = Debug|Any CPU
		Release|Any CPU = Release|Any CPU
	EndGlobalSection
	GlobalSection(ProjectConfigurationPlatforms) = postSolution
		{166995A3-5E8E-4CDF-8B58-A089FEBBC199}.Debug|Any CPU.ActiveCfg = Debug|Any CPU
		{166995A3-5E8E-4CDF-8B58-A089FEBBC199}.Debug|Any CPU.Build.0 = Debug|Any CPU
		{166995A3-5E8E-4CDF-8B58-A089FEBBC199}.Release|Any CPU.ActiveCfg = Release|Any CPU
		{166995A3-5E8E-4CDF-8B58-A089FEBBC199}.Release|Any CPU.Build.0 = Release|Any CPU
	EndGlobalSection
	GlobalSection(SolutionProperties) = preSolution
		HideSolutionNode = FALSE
	EndGlobalSection
	GlobalSection(ExtensibilityGlobals) = postSolution
		SolutionGuid = {7C1728CB-5911-484A-9F8A-25899D21858B}
	EndGlobalSection
EndGlobal
